
Microsoft Visual Studio Solution File, Format Version 12.00
# Visual Studio Version 17
VisualStudioVersion = 17.4.33213.308
MinimumVisualStudioVersion = 10.0.40219.1
Project("{9A19103F-16F7-4668-BE54-9A1E7A4F7556}") = "NeuronFacMod.Server", "Server\NeuronFacMod.Server.csproj", "{A9AB683D-11E1-4DB0-96FF-C5FC0F7AF71E}"
EndProject
Project("{9A19103F-16F7-4668-BE54-9A1E7A4F7556}") = "NeuronFacMod.Client", "Client\NeuronFacMod.Client.csproj", "{B08ABAAE-5966-423C-95DE-E930326CD7AB}"
EndProject
Project("{9A19103F-16F7-4668-BE54-9A1E7A4F7556}") = "NeuronFacMod.Shared", "Shared\NeuronFacMod.Shared.csproj", "{7FC1C4D5-B953-4F2A-BEFE-3CE32F790D00}"
EndProject
Global
	GlobalSection(SolutionConfigurationPlatforms) = preSolution
		Debug|Any CPU = Debug|Any CPU
		Release|Any CPU = Release|Any CPU
	EndGlobalSection
	GlobalSection(ProjectConfigurationPlatforms) = postSolution
		{A9AB683D-11E1-4DB0-96FF-C5FC0F7AF71E}.Debug|Any CPU.ActiveCfg = Debug|Any CPU
		{A9AB683D-11E1-4DB0-96FF-C5FC0F7AF71E}.Debug|Any CPU.Build.0 = Debug|Any CPU
		{A9AB683D-11E1-4DB0-96FF-C5FC0F7AF71E}.Release|Any CPU.ActiveCfg = Release|Any CPU
		{A9AB683D-11E1-4DB0-96FF-C5FC0F7AF71E}.Release|Any CPU.Build.0 = Release|Any CPU
		{B08ABAAE-5966-423C-95DE-E930326CD7AB}.Debug|Any CPU.ActiveCfg = Debug|Any CPU
		{B08ABAAE-5966-423C-95DE-E930326CD7AB}.Debug|Any CPU.Build.0 = Debug|Any CPU
		{B08ABAAE-5966-423C-95DE-E930326CD7AB}.Release|Any CPU.ActiveCfg = Release|Any CPU
		{B08ABAAE-5966-423C-95DE-E930326CD7AB}.Release|Any CPU.Build.0 = Release|Any CPU
		{7FC1C4D5-B953-4F2A-BEFE-3CE32F790D00}.Debug|Any CPU.ActiveCfg = Debug|Any CPU
		{7FC1C4D5-B953-4F2A-BEFE-3CE32F790D00}.Debug|Any CPU.Build.0 = Debug|Any CPU
		{7FC1C4D5-B953-4F2A-BEFE-3CE32F790D00}.Release|Any CPU.ActiveCfg = Release|Any CPU
		{7FC1C4D5-B953-4F2A-BEFE-3CE32F790D00}.Release|Any CPU.Build.0 = Release|Any CPU
	EndGlobalSection
	GlobalSection(SolutionProperties) = preSolution
		HideSolutionNode = FALSE
	EndGlobalSection
	GlobalSection(ExtensibilityGlobals) = postSolution
		SolutionGuid = {599B0779-AD70-4B54-ADD0-7AA07E153F62}
	EndGlobalSection
EndGlobal
